PODS:
  - Capacitor (5.0.4):
    - CapacitorCordova
  - CapacitorCordova (5.0.4)
  - CapacitorSecureStoragePlugin (0.9.0):
    - Capacitor
    - SwiftKeychainWrapper
  - CapacitorSplashScreen (5.0.4):
    - Capacitor
  - SwiftKeychainWrapper (4.0.1)

DEPENDENCIES:
  - "Capacitor (from `../../node_modules/@capacitor/ios`)"
  - "CapacitorCordova (from `../../node_modules/@capacitor/ios`)"
  - CapacitorSecureStoragePlugin (from `../../node_modules/capacitor-secure-storage-plugin`)
  - "CapacitorSplashScreen (from `../../node_modules/@capacitor/splash-screen`)"

SPEC REPOS:
  trunk:
    - SwiftKeychainWrapper

EXTERNAL SOURCES:
  Capacitor:
    :path: "../../node_modules/@capacitor/ios"
  CapacitorCordova:
    :path: "../../node_modules/@capacitor/ios"
  CapacitorSecureStoragePlugin:
    :path: "../../node_modules/capacitor-secure-storage-plugin"
  CapacitorSplashScreen:
    :path: "../../node_modules/@capacitor/splash-screen"

SPEC CHECKSUMS:
  Capacitor: d3d4463573438b9fa65326d1f3549da6f4c21634
  CapacitorCordova: b1fe6bf1f36974a8e4a9044b342d22d49c0996d6
  CapacitorSecureStoragePlugin: e91d7df060f2495a1acff9583641a6953e3aacba
  CapacitorSplashScreen: 93a389d4f7673c08214ae25bb6f21d867d5305c5
  SwiftKeychainWrapper: 807ba1d63c33a7d0613288512399cd1eda1e470c

PODFILE CHECKSUM: b17e9929219788b6e2518d706fa5412d6af871f8

COCOAPODS: 1.12.1
