PODS:
  - Capacitor (5.0.4):
    - CapacitorCordova
  - CapacitorCordova (5.0.4)

DEPENDENCIES:
  - "Capacitor (from `../../node_modules/@capacitor/ios`)"
  - "CapacitorCordova (from `../../node_modules/@capacitor/ios`)"

EXTERNAL SOURCES:
  Capacitor:
    :path: "../../node_modules/@capacitor/ios"
  CapacitorCordova:
    :path: "../../node_modules/@capacitor/ios"

SPEC CHECKSUMS:
  Capacitor: d3d4463573438b9fa65326d1f3549da6f4c21634
  CapacitorCordova: b1fe6bf1f36974a8e4a9044b342d22d49c0996d6

PODFILE CHECKSUM: 8ab55909c5de2b217f9841e5e5b329f5ec901553

COCOAPODS: 1.12.1
